github.com/DiscreteTom/rua v0.4.2 h1:wpq/qm1x2eCQ5iRGMsPQF5beMYi9x1jruEZAQQHBA60=
github.com/DiscreteTom/rua v0.4.2/go.mod h1:4RyWV4JchmGf8n8kGoLtMXFb73ZBy+wTKez8iXarfCU=
github.com/DiscreteTom/rua/plugin/network/websocket v0.2.3 h1:5UF3FHmhDQIh2HLqoruabxhKbUtBCN5U9KFypkdMSyY=
github.com/DiscreteTom/rua/plugin/network/websocket v0.2.3/go.mod h1:H6CUw36KbUZ5iAnBja6Wa0H9bwtM9swtRrxy15lF0lc=
github.com/gorilla/websocket v1.4.2 h1:+/TMaTYc4QFitKJxsQ7Yye35DkWvkdLcvGKqM+x0Ufc=
github.com/gorilla/websocket v1.4.2/go.mod h1:YR8l580nyteQvAITg2hZ9XVh4b55+EU/adAjf1fMHhE=
